
Microsoft Visual Studio Solution File, Format Version 12.00
Project("{FAE04EC0-301F-11D3-BF4B-00C04F79EFBC}") = "TechTask", "TechTask\TechTask.csproj", "{D20458F6-B56C-4EE4-B9C2-1BFE14DCE931}"
EndProject
Global
	GlobalSection(SolutionConfigurationPlatforms) = preSolution
		Debug|Any CPU = Debug|Any CPU
		Release|Any CPU = Release|Any CPU
	EndGlobalSection
	GlobalSection(ProjectConfigurationPlatforms) = postSolution
		{D20458F6-B56C-4EE4-B9C2-1BFE14DCE931}.Debug|Any CPU.ActiveCfg = Debug|Any CPU
		{D20458F6-B56C-4EE4-B9C2-1BFE14DCE931}.Debug|Any CPU.Build.0 = Debug|Any CPU
		{D20458F6-B56C-4EE4-B9C2-1BFE14DCE931}.Release|Any CPU.ActiveCfg = Release|Any CPU
		{D20458F6-B56C-4EE4-B9C2-1BFE14DCE931}.Release|Any CPU.Build.0 = Release|Any CPU
	EndGlobalSection
EndGlobal
